
Microsoft Visual Studio Solution File, Format Version 12.00
# Visual Studio Version 16
VisualStudioVersion = 16.0.30804.86
MinimumVisualStudioVersion = 10.0.40219.1
Project("{FAE04EC0-301F-11D3-BF4B-00C04F79EFBC}") = "ManageMent_Program", "ManageMent_Program.csproj", "{DAE8928C-7C53-4287-A9A3-EAFE0B450ABC}"
EndProject
Global
	GlobalSection(SolutionConfigurationPlatforms) = preSolution
		Debug|Any CPU = Debug|Any CPU
		Release|Any CPU = Release|Any CPU
	EndGlobalSection
	GlobalSection(ProjectConfigurationPlatforms) = postSolution
		{DAE8928C-7C53-4287-A9A3-EAFE0B450ABC}.Debug|Any CPU.ActiveCfg = Debug|Any CPU
		{DAE8928C-7C53-4287-A9A3-EAFE0B450ABC}.Debug|Any CPU.Build.0 = Debug|Any CPU
		{DAE8928C-7C53-4287-A9A3-EAFE0B450ABC}.Release|Any CPU.ActiveCfg = Release|Any CPU
		{DAE8928C-7C53-4287-A9A3-EAFE0B450ABC}.Release|Any CPU.Build.0 = Release|Any CPU
	EndGlobalSection
	GlobalSection(SolutionProperties) = preSolution
		HideSolutionNode = FALSE
	EndGlobalSection
	GlobalSection(ExtensibilityGlobals) = postSolution
		SolutionGuid = {5A892918-7F8A-4681-85FD-6ECFC768CEAC}
	EndGlobalSection
EndGlobal
